
Microsoft Visual Studio Solution File, Format Version 12.00
Project("{2150E333-8FDC-42A3-9474-1A3956D46DE8}") = "Collection", "Collection", "{3596B284-ED4E-4A48-BBEB-197116E76199}"
EndProject
Project("{2150E333-8FDC-42A3-9474-1A3956D46DE8}") = "Point", "Point", "{919448D4-1A48-4FB7-8CB8-375414DFFC54}"
EndProject
Project("{2150E333-8FDC-42A3-9474-1A3956D46DE8}") = "Slice", "Slice", "{1842415E-2D12-4949-BA81-4B8CA10904A9}"
EndProject
Project("{2150E333-8FDC-42A3-9474-1A3956D46DE8}") = "Repository", "Repository", "{1AD4431D-452F-4B22-A31B-7975CA4B93DC}"
EndProject
Project("{2150E333-8FDC-42A3-9474-1A3956D46DE8}") = "ScyllaDb", "ScyllaDb", "{97FD0CE9-A129-4A24-9AD6-0003B4123153}"
EndProject
Project("{2150E333-8FDC-42A3-9474-1A3956D46DE8}") = "PostgresqlDb", "PostgresqlDb", "{33CAEF33-450D-45B7-B2FB-54163EE82A68}"
EndProject
Project("{2150E333-8FDC-42A3-9474-1A3956D46DE8}") = "Logging", "Logging", "{B551E3DD-2A0D-449C-BBC0-17FF9852FB10}"
EndProject
Project("{2150E333-8FDC-42A3-9474-1A3956D46DE8}") = "Enviroment", "Enviroment", "{19DAD2F6-7E0A-4D1A-9977-6192D58341E6}"
EndProject
Project("{FAE04EC0-301F-11D3-BF4B-00C04F79EFBC}") = "Mosaic.Repository.Collection.Adapter", "Mosaic.Repository.Collection.Adapter\Mosaic.Repository.Collection.Adapter.csproj", "{5D621217-D658-4F0D-AB8F-F27D2B08E98D}"
EndProject
Project("{FAE04EC0-301F-11D3-BF4B-00C04F79EFBC}") = "Mosaic.Repository.Collection.Domain", "Mosaic.Repository.Collection.Domain\Mosaic.Repository.Collection.Domain.csproj", "{43D15561-BF68-4DA7-876C-0FB1B8C66993}"
EndProject
Project("{FAE04EC0-301F-11D3-BF4B-00C04F79EFBC}") = "Mosaic.Repository.Collection.Loader", "Mosaic.Repository.Collection.Loader\Mosaic.Repository.Collection.Loader.csproj", "{85ABE67F-A5B4-458E-84B6-7F1B04C6F6C0}"
EndProject
Project("{FAE04EC0-301F-11D3-BF4B-00C04F79EFBC}") = "Mosaic.DefaultNuget", "Mosaic.DefaultNuget\Mosaic.DefaultNuget.csproj", "{7E7249B5-E430-4F40-9705-5FDAF3AFEBEC}"
EndProject
Project("{FAE04EC0-301F-11D3-BF4B-00C04F79EFBC}") = "Mosaic.Init", "Mosaic.Init\Mosaic.Init.csproj", "{9C158BC8-62F5-4AF8-A917-BB24C2D8FF1C}"
EndProject
Project("{FAE04EC0-301F-11D3-BF4B-00C04F79EFBC}") = "Mosaic.Repository.Environment.Domain", "Mosaic.Repository.Environment.Domain\Mosaic.Repository.Environment.Domain.csproj", "{2F151950-EE94-4563-AA65-F889FA972F6F}"
EndProject
Project("{FAE04EC0-301F-11D3-BF4B-00C04F79EFBC}") = "Mosaic.Repository.Environment.Adapter", "Mosaic.Repository.Environment.Adapter\Mosaic.Repository.Environment.Adapter.csproj", "{27225A9C-3195-417D-A10C-A7C391B8F9A5}"
EndProject
Project("{FAE04EC0-301F-11D3-BF4B-00C04F79EFBC}") = "Mosaic.Repository.Environment.Binder", "Mosaic.Repository.Environment.Binder\Mosaic.Repository.Environment.Binder.csproj", "{8E69D44F-A081-4739-85F0-893E1D08929E}"
EndProject
Project("{FAE04EC0-301F-11D3-BF4B-00C04F79EFBC}") = "Mosaic.Repository.Postgresql.Domain", "Mosaic.Repository.Postgresql.Domain\Mosaic.Repository.Postgresql.Domain.csproj", "{70F9D6B1-7086-40C7-A4C4-CC04703E52CB}"
EndProject
Project("{FAE04EC0-301F-11D3-BF4B-00C04F79EFBC}") = "Mosaic.Repository.Postgresql.Binder", "Mosaic.Repository.Postgresql.Binder\Mosaic.Repository.Postgresql.Binder.csproj", "{4CAF1182-F706-4491-A95A-43FE73A96174}"
EndProject
Project("{FAE04EC0-301F-11D3-BF4B-00C04F79EFBC}") = "Mosaic.Repository.Postgresql.Adapter", "Mosaic.Repository.Postgresql.Adapter\Mosaic.Repository.Postgresql.Adapter.csproj", "{575B0569-1EBD-4470-8A5F-318CFCBCFF1A}"
EndProject
Project("{FAE04EC0-301F-11D3-BF4B-00C04F79EFBC}") = "Mosaic.Repository.Postgresql.Kernel", "Mosaic.Repository.Postgresql.Kernel\Mosaic.Repository.Postgresql.Kernel.csproj", "{738EDF78-9FFA-4038-A5FF-9F8012DB4BAC}"
EndProject
Project("{FAE04EC0-301F-11D3-BF4B-00C04F79EFBC}") = "Mosaic.Slice.BridgePuzzle.Domain", "Mosaic.Slice.BridgePuzzle.Domain\Mosaic.Slice.BridgePuzzle.Domain.csproj", "{538B2048-AD83-479E-88DF-88C959B571CC}"
EndProject
Project("{FAE04EC0-301F-11D3-BF4B-00C04F79EFBC}") = "Mosaic.Slice.BridgePuzzle.Binder", "Mosaic.Slice.BridgePuzzle.Binder\Mosaic.Slice.BridgePuzzle.Binder.csproj", "{F57469E1-A078-4A4D-83E5-53A3E0DFCEBF}"
EndProject
Project("{FAE04EC0-301F-11D3-BF4B-00C04F79EFBC}") = "Mosaic.Slice.BridgePuzzle.Kernel", "Mosaic.Slice.BridgePuzzle.Kernel\Mosaic.Slice.BridgePuzzle.Kernel.csproj", "{EC66F2D6-A590-4574-8F13-5180AED24EC3}"
EndProject
Project("{FAE04EC0-301F-11D3-BF4B-00C04F79EFBC}") = "Mosaic.Slice.BridgePuzzle.Adapter", "Mosaic.Slice.BridgePuzzle.Adapter\Mosaic.Slice.BridgePuzzle.Adapter.csproj", "{5BE3C641-C7A9-49A3-A129-264A705FC872}"
EndProject
Project("{FAE04EC0-301F-11D3-BF4B-00C04F79EFBC}") = "Mosaic.Web", "Mosaic.Web\Mosaic.Web.csproj", "{E2EC4B51-E375-4B3D-8E99-9C20C211A1C9}"
EndProject
Project("{2150E333-8FDC-42A3-9474-1A3956D46DE8}") = "Solution Items", "Solution Items", "{0F0377BB-E5E6-4ABA-9ACC-5AC79429DDAC}"
	ProjectSection(SolutionItems) = preProject
		docker-compose.yml = docker-compose.yml
	EndProjectSection
EndProject
Project("{FAE04EC0-301F-11D3-BF4B-00C04F79EFBC}") = "Mosaic.Repository.ScyllaDb.Adapter", "Mosaic.Repository.ScyllaDb.Adapter\Mosaic.Repository.ScyllaDb.Adapter.csproj", "{F4070DD0-E5C8-44C8-BC9C-8BBE7715E322}"
EndProject
Project("{FAE04EC0-301F-11D3-BF4B-00C04F79EFBC}") = "Mosaic.Repository.ScyllaDb.Binder", "Mosaic.Repository.ScyllaDb.Binder\Mosaic.Repository.ScyllaDb.Binder.csproj", "{3EB0ED15-C890-4C0D-BDF1-7E8671F9577A}"
EndProject
Project("{FAE04EC0-301F-11D3-BF4B-00C04F79EFBC}") = "Mosaic.Repository.ScyllaDb.Domain", "Mosaic.Repository.ScyllaDb.Domain\Mosaic.Repository.ScyllaDb.Domain.csproj", "{F76DA9EE-2106-41CF-94EA-5E62416B3D6B}"
EndProject
Project("{FAE04EC0-301F-11D3-BF4B-00C04F79EFBC}") = "Mosaic.Repository.ScyllaDb.Kernel", "Mosaic.Repository.ScyllaDb.Kernel\Mosaic.Repository.ScyllaDb.Kernel.csproj", "{036BFA36-C37B-4006-A904-1D75A79775C4}"
EndProject
Project("{FAE04EC0-301F-11D3-BF4B-00C04F79EFBC}") = "Mosaic.Share.Kernel", "Mosaic.Share.Kernel\Mosaic.Share.Kernel.csproj", "{D91FD366-5CFD-4858-8226-F07D482C4D79}"
EndProject
Project("{2150E333-8FDC-42A3-9474-1A3956D46DE8}") = "BridgePuzzle", "BridgePuzzle", "{FE9EA043-690E-4CEE-990A-3B3976D2CA38}"
EndProject
Global
	GlobalSection(SolutionConfigurationPlatforms) = preSolution
		Debug|Any CPU = Debug|Any CPU
		Release|Any CPU = Release|Any CPU
	EndGlobalSection
	GlobalSection(NestedProjects) = preSolution
		{3596B284-ED4E-4A48-BBEB-197116E76199} = {1AD4431D-452F-4B22-A31B-7975CA4B93DC}
		{97FD0CE9-A129-4A24-9AD6-0003B4123153} = {1AD4431D-452F-4B22-A31B-7975CA4B93DC}
		{33CAEF33-450D-45B7-B2FB-54163EE82A68} = {1AD4431D-452F-4B22-A31B-7975CA4B93DC}
		{B551E3DD-2A0D-449C-BBC0-17FF9852FB10} = {1AD4431D-452F-4B22-A31B-7975CA4B93DC}
		{19DAD2F6-7E0A-4D1A-9977-6192D58341E6} = {1AD4431D-452F-4B22-A31B-7975CA4B93DC}
		{5D621217-D658-4F0D-AB8F-F27D2B08E98D} = {3596B284-ED4E-4A48-BBEB-197116E76199}
		{43D15561-BF68-4DA7-876C-0FB1B8C66993} = {3596B284-ED4E-4A48-BBEB-197116E76199}
		{85ABE67F-A5B4-458E-84B6-7F1B04C6F6C0} = {3596B284-ED4E-4A48-BBEB-197116E76199}
		{2F151950-EE94-4563-AA65-F889FA972F6F} = {19DAD2F6-7E0A-4D1A-9977-6192D58341E6}
		{27225A9C-3195-417D-A10C-A7C391B8F9A5} = {19DAD2F6-7E0A-4D1A-9977-6192D58341E6}
		{8E69D44F-A081-4739-85F0-893E1D08929E} = {19DAD2F6-7E0A-4D1A-9977-6192D58341E6}
		{70F9D6B1-7086-40C7-A4C4-CC04703E52CB} = {33CAEF33-450D-45B7-B2FB-54163EE82A68}
		{4CAF1182-F706-4491-A95A-43FE73A96174} = {33CAEF33-450D-45B7-B2FB-54163EE82A68}
		{575B0569-1EBD-4470-8A5F-318CFCBCFF1A} = {33CAEF33-450D-45B7-B2FB-54163EE82A68}
		{738EDF78-9FFA-4038-A5FF-9F8012DB4BAC} = {33CAEF33-450D-45B7-B2FB-54163EE82A68}
		{F4070DD0-E5C8-44C8-BC9C-8BBE7715E322} = {97FD0CE9-A129-4A24-9AD6-0003B4123153}
		{3EB0ED15-C890-4C0D-BDF1-7E8671F9577A} = {97FD0CE9-A129-4A24-9AD6-0003B4123153}
		{F76DA9EE-2106-41CF-94EA-5E62416B3D6B} = {97FD0CE9-A129-4A24-9AD6-0003B4123153}
		{036BFA36-C37B-4006-A904-1D75A79775C4} = {97FD0CE9-A129-4A24-9AD6-0003B4123153}
		{FE9EA043-690E-4CEE-990A-3B3976D2CA38} = {1842415E-2D12-4949-BA81-4B8CA10904A9}
		{5BE3C641-C7A9-49A3-A129-264A705FC872} = {FE9EA043-690E-4CEE-990A-3B3976D2CA38}
		{F57469E1-A078-4A4D-83E5-53A3E0DFCEBF} = {FE9EA043-690E-4CEE-990A-3B3976D2CA38}
		{538B2048-AD83-479E-88DF-88C959B571CC} = {FE9EA043-690E-4CEE-990A-3B3976D2CA38}
		{EC66F2D6-A590-4574-8F13-5180AED24EC3} = {FE9EA043-690E-4CEE-990A-3B3976D2CA38}
	EndGlobalSection
	GlobalSection(ProjectConfigurationPlatforms) = postSolution
		{5D621217-D658-4F0D-AB8F-F27D2B08E98D}.Debug|Any CPU.ActiveCfg = Debug|Any CPU
		{5D621217-D658-4F0D-AB8F-F27D2B08E98D}.Debug|Any CPU.Build.0 = Debug|Any CPU
		{5D621217-D658-4F0D-AB8F-F27D2B08E98D}.Release|Any CPU.ActiveCfg = Release|Any CPU
		{5D621217-D658-4F0D-AB8F-F27D2B08E98D}.Release|Any CPU.Build.0 = Release|Any CPU
		{43D15561-BF68-4DA7-876C-0FB1B8C66993}.Debug|Any CPU.ActiveCfg = Debug|Any CPU
		{43D15561-BF68-4DA7-876C-0FB1B8C66993}.Debug|Any CPU.Build.0 = Debug|Any CPU
		{43D15561-BF68-4DA7-876C-0FB1B8C66993}.Release|Any CPU.ActiveCfg = Release|Any CPU
		{43D15561-BF68-4DA7-876C-0FB1B8C66993}.Release|Any CPU.Build.0 = Release|Any CPU
		{85ABE67F-A5B4-458E-84B6-7F1B04C6F6C0}.Debug|Any CPU.ActiveCfg = Debug|Any CPU
		{85ABE67F-A5B4-458E-84B6-7F1B04C6F6C0}.Debug|Any CPU.Build.0 = Debug|Any CPU
		{85ABE67F-A5B4-458E-84B6-7F1B04C6F6C0}.Release|Any CPU.ActiveCfg = Release|Any CPU
		{85ABE67F-A5B4-458E-84B6-7F1B04C6F6C0}.Release|Any CPU.Build.0 = Release|Any CPU
		{7E7249B5-E430-4F40-9705-5FDAF3AFEBEC}.Debug|Any CPU.ActiveCfg = Debug|Any CPU
		{7E7249B5-E430-4F40-9705-5FDAF3AFEBEC}.Debug|Any CPU.Build.0 = Debug|Any CPU
		{7E7249B5-E430-4F40-9705-5FDAF3AFEBEC}.Release|Any CPU.ActiveCfg = Release|Any CPU
		{7E7249B5-E430-4F40-9705-5FDAF3AFEBEC}.Release|Any CPU.Build.0 = Release|Any CPU
		{9C158BC8-62F5-4AF8-A917-BB24C2D8FF1C}.Debug|Any CPU.ActiveCfg = Debug|Any CPU
		{9C158BC8-62F5-4AF8-A917-BB24C2D8FF1C}.Debug|Any CPU.Build.0 = Debug|Any CPU
		{9C158BC8-62F5-4AF8-A917-BB24C2D8FF1C}.Release|Any CPU.ActiveCfg = Release|Any CPU
		{9C158BC8-62F5-4AF8-A917-BB24C2D8FF1C}.Release|Any CPU.Build.0 = Release|Any CPU
		{2F151950-EE94-4563-AA65-F889FA972F6F}.Debug|Any CPU.ActiveCfg = Debug|Any CPU
		{2F151950-EE94-4563-AA65-F889FA972F6F}.Debug|Any CPU.Build.0 = Debug|Any CPU
		{2F151950-EE94-4563-AA65-F889FA972F6F}.Release|Any CPU.ActiveCfg = Release|Any CPU
		{2F151950-EE94-4563-AA65-F889FA972F6F}.Release|Any CPU.Build.0 = Release|Any CPU
		{27225A9C-3195-417D-A10C-A7C391B8F9A5}.Debug|Any CPU.ActiveCfg = Debug|Any CPU
		{27225A9C-3195-417D-A10C-A7C391B8F9A5}.Debug|Any CPU.Build.0 = Debug|Any CPU
		{27225A9C-3195-417D-A10C-A7C391B8F9A5}.Release|Any CPU.ActiveCfg = Release|Any CPU
		{27225A9C-3195-417D-A10C-A7C391B8F9A5}.Release|Any CPU.Build.0 = Release|Any CPU
		{8E69D44F-A081-4739-85F0-893E1D08929E}.Debug|Any CPU.ActiveCfg = Debug|Any CPU
		{8E69D44F-A081-4739-85F0-893E1D08929E}.Debug|Any CPU.Build.0 = Debug|Any CPU
		{8E69D44F-A081-4739-85F0-893E1D08929E}.Release|Any CPU.ActiveCfg = Release|Any CPU
		{8E69D44F-A081-4739-85F0-893E1D08929E}.Release|Any CPU.Build.0 = Release|Any CPU
		{70F9D6B1-7086-40C7-A4C4-CC04703E52CB}.Debug|Any CPU.ActiveCfg = Debug|Any CPU
		{70F9D6B1-7086-40C7-A4C4-CC04703E52CB}.Debug|Any CPU.Build.0 = Debug|Any CPU
		{70F9D6B1-7086-40C7-A4C4-CC04703E52CB}.Release|Any CPU.ActiveCfg = Release|Any CPU
		{70F9D6B1-7086-40C7-A4C4-CC04703E52CB}.Release|Any CPU.Build.0 = Release|Any CPU
		{4CAF1182-F706-4491-A95A-43FE73A96174}.Debug|Any CPU.ActiveCfg = Debug|Any CPU
		{4CAF1182-F706-4491-A95A-43FE73A96174}.Debug|Any CPU.Build.0 = Debug|Any CPU
		{4CAF1182-F706-4491-A95A-43FE73A96174}.Release|Any CPU.ActiveCfg = Release|Any CPU
		{4CAF1182-F706-4491-A95A-43FE73A96174}.Release|Any CPU.Build.0 = Release|Any CPU
		{575B0569-1EBD-4470-8A5F-318CFCBCFF1A}.Debug|Any CPU.ActiveCfg = Debug|Any CPU
		{575B0569-1EBD-4470-8A5F-318CFCBCFF1A}.Debug|Any CPU.Build.0 = Debug|Any CPU
		{575B0569-1EBD-4470-8A5F-318CFCBCFF1A}.Release|Any CPU.ActiveCfg = Release|Any CPU
		{575B0569-1EBD-4470-8A5F-318CFCBCFF1A}.Release|Any CPU.Build.0 = Release|Any CPU
		{738EDF78-9FFA-4038-A5FF-9F8012DB4BAC}.Debug|Any CPU.ActiveCfg = Debug|Any CPU
		{738EDF78-9FFA-4038-A5FF-9F8012DB4BAC}.Debug|Any CPU.Build.0 = Debug|Any CPU
		{738EDF78-9FFA-4038-A5FF-9F8012DB4BAC}.Release|Any CPU.ActiveCfg = Release|Any CPU
		{738EDF78-9FFA-4038-A5FF-9F8012DB4BAC}.Release|Any CPU.Build.0 = Release|Any CPU
		{538B2048-AD83-479E-88DF-88C959B571CC}.Debug|Any CPU.ActiveCfg = Debug|Any CPU
		{538B2048-AD83-479E-88DF-88C959B571CC}.Debug|Any CPU.Build.0 = Debug|Any CPU
		{538B2048-AD83-479E-88DF-88C959B571CC}.Release|Any CPU.ActiveCfg = Release|Any CPU
		{538B2048-AD83-479E-88DF-88C959B571CC}.Release|Any CPU.Build.0 = Release|Any CPU
		{F57469E1-A078-4A4D-83E5-53A3E0DFCEBF}.Debug|Any CPU.ActiveCfg = Debug|Any CPU
		{F57469E1-A078-4A4D-83E5-53A3E0DFCEBF}.Debug|Any CPU.Build.0 = Debug|Any CPU
		{F57469E1-A078-4A4D-83E5-53A3E0DFCEBF}.Release|Any CPU.ActiveCfg = Release|Any CPU
		{F57469E1-A078-4A4D-83E5-53A3E0DFCEBF}.Release|Any CPU.Build.0 = Release|Any CPU
		{EC66F2D6-A590-4574-8F13-5180AED24EC3}.Debug|Any CPU.ActiveCfg = Debug|Any CPU
		{EC66F2D6-A590-4574-8F13-5180AED24EC3}.Debug|Any CPU.Build.0 = Debug|Any CPU
		{EC66F2D6-A590-4574-8F13-5180AED24EC3}.Release|Any CPU.ActiveCfg = Release|Any CPU
		{EC66F2D6-A590-4574-8F13-5180AED24EC3}.Release|Any CPU.Build.0 = Release|Any CPU
		{5BE3C641-C7A9-49A3-A129-264A705FC872}.Debug|Any CPU.ActiveCfg = Debug|Any CPU
		{5BE3C641-C7A9-49A3-A129-264A705FC872}.Debug|Any CPU.Build.0 = Debug|Any CPU
		{5BE3C641-C7A9-49A3-A129-264A705FC872}.Release|Any CPU.ActiveCfg = Release|Any CPU
		{5BE3C641-C7A9-49A3-A129-264A705FC872}.Release|Any CPU.Build.0 = Release|Any CPU
		{E2EC4B51-E375-4B3D-8E99-9C20C211A1C9}.Debug|Any CPU.ActiveCfg = Debug|Any CPU
		{E2EC4B51-E375-4B3D-8E99-9C20C211A1C9}.Debug|Any CPU.Build.0 = Debug|Any CPU
		{E2EC4B51-E375-4B3D-8E99-9C20C211A1C9}.Release|Any CPU.ActiveCfg = Release|Any CPU
		{E2EC4B51-E375-4B3D-8E99-9C20C211A1C9}.Release|Any CPU.Build.0 = Release|Any CPU
		{F4070DD0-E5C8-44C8-BC9C-8BBE7715E322}.Debug|Any CPU.ActiveCfg = Debug|Any CPU
		{F4070DD0-E5C8-44C8-BC9C-8BBE7715E322}.Debug|Any CPU.Build.0 = Debug|Any CPU
		{F4070DD0-E5C8-44C8-BC9C-8BBE7715E322}.Release|Any CPU.ActiveCfg = Release|Any CPU
		{F4070DD0-E5C8-44C8-BC9C-8BBE7715E322}.Release|Any CPU.Build.0 = Release|Any CPU
		{3EB0ED15-C890-4C0D-BDF1-7E8671F9577A}.Debug|Any CPU.ActiveCfg = Debug|Any CPU
		{3EB0ED15-C890-4C0D-BDF1-7E8671F9577A}.Debug|Any CPU.Build.0 = Debug|Any CPU
		{3EB0ED15-C890-4C0D-BDF1-7E8671F9577A}.Release|Any CPU.ActiveCfg = Release|Any CPU
		{3EB0ED15-C890-4C0D-BDF1-7E8671F9577A}.Release|Any CPU.Build.0 = Release|Any CPU
		{F76DA9EE-2106-41CF-94EA-5E62416B3D6B}.Debug|Any CPU.ActiveCfg = Debug|Any CPU
		{F76DA9EE-2106-41CF-94EA-5E62416B3D6B}.Debug|Any CPU.Build.0 = Debug|Any CPU
		{F76DA9EE-2106-41CF-94EA-5E62416B3D6B}.Release|Any CPU.ActiveCfg = Release|Any CPU
		{F76DA9EE-2106-41CF-94EA-5E62416B3D6B}.Release|Any CPU.Build.0 = Release|Any CPU
		{036BFA36-C37B-4006-A904-1D75A79775C4}.Debug|Any CPU.ActiveCfg = Debug|Any CPU
		{036BFA36-C37B-4006-A904-1D75A79775C4}.Debug|Any CPU.Build.0 = Debug|Any CPU
		{036BFA36-C37B-4006-A904-1D75A79775C4}.Release|Any CPU.ActiveCfg = Release|Any CPU
		{036BFA36-C37B-4006-A904-1D75A79775C4}.Release|Any CPU.Build.0 = Release|Any CPU
		{D91FD366-5CFD-4858-8226-F07D482C4D79}.Debug|Any CPU.ActiveCfg = Debug|Any CPU
		{D91FD366-5CFD-4858-8226-F07D482C4D79}.Debug|Any CPU.Build.0 = Debug|Any CPU
		{D91FD366-5CFD-4858-8226-F07D482C4D79}.Release|Any CPU.ActiveCfg = Release|Any CPU
		{D91FD366-5CFD-4858-8226-F07D482C4D79}.Release|Any CPU.Build.0 = Release|Any CPU
	EndGlobalSection
EndGlobal
